
Microsoft Visual Studio Solution File, Format Version 12.00
# Visual Studio Version 16
VisualStudioVersion = 16.0.30011.22
MinimumVisualStudioVersion = 10.0.40219.1
Project("{FAE04EC0-301F-11D3-BF4B-00C04F79EFBC}") = "ReplyChallenge2021", "ReplyChallenge2021\ReplyChallenge2021.csproj", "{8EDBC45A-B520-4016-A7AB-466D7CE78714}"
EndProject
Global
	GlobalSection(SolutionConfigurationPlatforms) = preSolution
		Debug|Any CPU = Debug|Any CPU
		Release|Any CPU = Release|Any CPU
	EndGlobalSection
	GlobalSection(ProjectConfigurationPlatforms) = postSolution
		{8EDBC45A-B520-4016-A7AB-466D7CE78714}.Debug|Any CPU.ActiveCfg = Debug|Any CPU
		{8EDBC45A-B520-4016-A7AB-466D7CE78714}.Debug|Any CPU.Build.0 = Debug|Any CPU
		{8EDBC45A-B520-4016-A7AB-466D7CE78714}.Release|Any CPU.ActiveCfg = Release|Any CPU
		{8EDBC45A-B520-4016-A7AB-466D7CE78714}.Release|Any CPU.Build.0 = Release|Any CPU
	EndGlobalSection
	GlobalSection(SolutionProperties) = preSolution
		HideSolutionNode = FALSE
	EndGlobalSection
	GlobalSection(ExtensibilityGlobals) = postSolution
		SolutionGuid = {71E36F94-083B-489F-BB09-718AF02A8BBE}
	EndGlobalSection
EndGlobal
